
Microsoft Visual Studio Solution File, Format Version 12.00
# Visual Studio 15
VisualStudioVersion = 15.0.28307.1259
MinimumVisualStudioVersion = 10.0.40219.1
Project("{FAE04EC0-301F-11D3-BF4B-00C04F79EFBC}") = "DiscordTyper", "DiscordTyper\DiscordTyper.csproj", "{A721E4DC-FDCB-4C87-B56D-90196572767C}"
EndProject
Global
	GlobalSection(SolutionConfigurationPlatforms) = preSolution
		Debug|Any CPU = Debug|Any CPU
		Release|Any CPU = Release|Any CPU
	EndGlobalSection
	GlobalSection(ProjectConfigurationPlatforms) = postSolution
		{A721E4DC-FDCB-4C87-B56D-90196572767C}.Debug|Any CPU.ActiveCfg = Debug|Any CPU
		{A721E4DC-FDCB-4C87-B56D-90196572767C}.Debug|Any CPU.Build.0 = Debug|Any CPU
		{A721E4DC-FDCB-4C87-B56D-90196572767C}.Release|Any CPU.ActiveCfg = Release|Any CPU
		{A721E4DC-FDCB-4C87-B56D-90196572767C}.Release|Any CPU.Build.0 = Release|Any CPU
	EndGlobalSection
	GlobalSection(SolutionProperties) = preSolution
		HideSolutionNode = FALSE
	EndGlobalSection
	GlobalSection(ExtensibilityGlobals) = postSolution
		SolutionGuid = {8B17E556-EBB6-4064-BCBF-C990BBD6C8F8}
	EndGlobalSection
EndGlobal
